
Microsoft Visual Studio Solution File, Format Version 12.00
# Visual Studio Version 16
VisualStudioVersion = 16.0.30804.86
MinimumVisualStudioVersion = 10.0.40219.1
Project("{FAE04EC0-301F-11D3-BF4B-00C04F79EFBC}") = "FluentApi", "FluentApi\FluentApi.csproj", "{45DBCED7-25A4-46AA-9867-0F6C59B2F5CD}"
EndProject
Global
	GlobalSection(SolutionConfigurationPlatforms) = preSolution
		Debug|Any CPU = Debug|Any CPU
		Release|Any CPU = Release|Any CPU
	EndGlobalSection
	GlobalSection(ProjectConfigurationPlatforms) = postSolution
		{45DBCED7-25A4-46AA-9867-0F6C59B2F5CD}.Debug|Any CPU.ActiveCfg = Debug|Any CPU
		{45DBCED7-25A4-46AA-9867-0F6C59B2F5CD}.Debug|Any CPU.Build.0 = Debug|Any CPU
		{45DBCED7-25A4-46AA-9867-0F6C59B2F5CD}.Release|Any CPU.ActiveCfg = Release|Any CPU
		{45DBCED7-25A4-46AA-9867-0F6C59B2F5CD}.Release|Any CPU.Build.0 = Release|Any CPU
	EndGlobalSection
	GlobalSection(SolutionProperties) = preSolution
		HideSolutionNode = FALSE
	EndGlobalSection
	GlobalSection(ExtensibilityGlobals) = postSolution
		SolutionGuid = {72550859-395D-42E3-B2C3-D81E262B0E5D}
	EndGlobalSection
EndGlobal
